github.com/minio/highwayhash v1.0.0 h1:iMSDhgUILCr0TNm8LWlSjF8N0ZIj2qbO8WHp6Q/J2BA=
github.com/minio/highwayhash v1.0.0/go.mod h1:xQboMTeM9nY9v/LlAOxFctujiv5+Aq2hR5dxBpaMbdc=
github.com/u6du/highwayhash v0.0.0-20190712040802-b7f9459bd34a h1:SiRYVXR3A/skTDAwA4sBfAOCnqA/LpGZj3IenGCNxMU=
github.com/u6du/highwayhash v0.0.0-20190712040802-b7f9459bd34a/go.mod h1:eKvBDhsQtGvt8zU1ANJo4HQrKEgOiWQsER59sJVKytY=
golang.org/x/sys v0.0.0-20190130150945-aca44879d564/go.mod h1:STP8DvDyc/dI5b8T5hshtkjS+E42TnysNCUPdjciGhY=
